
Microsoft Visual Studio Solution File, Format Version 12.00
# Visual Studio Version 17
VisualStudioVersion = 17.12.35728.132
MinimumVisualStudioVersion = 10.0.40219.1
Project("{FAE04EC0-301F-11D3-BF4B-00C04F79EFBC}") = "GA5ContosoApp", "..\..\..\..\Desktop\GA5ContossoApp\GA5ContossoApp\GA5ContosoApp.csproj", "{606CA168-B0F7-BA86-648E-AE7EAA18C85F}"
EndProject
Global
	GlobalSection(SolutionConfigurationPlatforms) = preSolution
		Debug|Any CPU = Debug|Any CPU
		Release|Any CPU = Release|Any CPU
	EndGlobalSection
	GlobalSection(ProjectConfigurationPlatforms) = postSolution
		{606CA168-B0F7-BA86-648E-AE7EAA18C85F}.Debug|Any CPU.ActiveCfg = Debug|Any CPU
		{606CA168-B0F7-BA86-648E-AE7EAA18C85F}.Debug|Any CPU.Build.0 = Debug|Any CPU
		{606CA168-B0F7-BA86-648E-AE7EAA18C85F}.Release|Any CPU.ActiveCfg = Release|Any CPU
		{606CA168-B0F7-BA86-648E-AE7EAA18C85F}.Release|Any CPU.Build.0 = Release|Any CPU
	EndGlobalSection
	GlobalSection(SolutionProperties) = preSolution
		HideSolutionNode = FALSE
	EndGlobalSection
	GlobalSection(ExtensibilityGlobals) = postSolution
		SolutionGuid = {CC97D946-75F7-4817-9D23-949974F9BE0A}
	EndGlobalSection
EndGlobal
