
Microsoft Visual Studio Solution File, Format Version 12.00
# Visual Studio Version 17
VisualStudioVersion = 17.12.35728.132
MinimumVisualStudioVersion = 10.0.40219.1
Project("{FAE04EC0-301F-11D3-BF4B-00C04F79EFBC}") = "MoveParticipantsSample", "MoveParticipantsSample\MoveParticipantsSample.csproj", "{006A8CF2-660F-CD4C-D92F-23DF7129C899}"
EndProject
Global
	GlobalSection(SolutionConfigurationPlatforms) = preSolution
		Debug|Any CPU = Debug|Any CPU
		Release|Any CPU = Release|Any CPU
	EndGlobalSection
	GlobalSection(ProjectConfigurationPlatforms) = postSolution
		{006A8CF2-660F-CD4C-D92F-23DF7129C899}.Debug|Any CPU.ActiveCfg = Debug|Any CPU
		{006A8CF2-660F-CD4C-D92F-23DF7129C899}.Debug|Any CPU.Build.0 = Debug|Any CPU
		{006A8CF2-660F-CD4C-D92F-23DF7129C899}.Release|Any CPU.ActiveCfg = Release|Any CPU
		{006A8CF2-660F-CD4C-D92F-23DF7129C899}.Release|Any CPU.Build.0 = Release|Any CPU
	EndGlobalSection
	GlobalSection(SolutionProperties) = preSolution
		HideSolutionNode = FALSE
	EndGlobalSection
	GlobalSection(ExtensibilityGlobals) = postSolution
		SolutionGuid = {99998281-4DF2-4536-B2AD-266FB84E2025}
	EndGlobalSection
EndGlobal
