
Microsoft Visual Studio Solution File, Format Version 12.00
# Visual Studio Version 17
VisualStudioVersion = 17.8.34309.116
MinimumVisualStudioVersion = 10.0.40219.1
Project("{FAE04EC0-301F-11D3-BF4B-00C04F79EFBC}") = "ChatTeamsInteropQuickStart", "src\ChatTeamsInteropQuickStart\ChatTeamsInteropQuickStart.csproj", "{704D7753-FAC6-4A15-8E2D-15DCC270A29A}"
EndProject
Project("{FAE04EC0-301F-11D3-BF4B-00C04F79EFBC}") = "ChatTeamsInteropInlineImageQuickStart", "src\ChatTeamsInteropInlineImageQuickStart\ChatTeamsInteropInlineImageQuickStart.csproj", "{418083DC-5EFD-4ED2-81BF-0F76B5D31696}"
EndProject
Project("{FAE04EC0-301F-11D3-BF4B-00C04F79EFBC}") = "ChatTeamsInteropFileSharingQuickStart", "src\ChatTeamsInteropFileSharingQuickStart\ChatTeamsInteropFileSharingQuickStart.csproj", "{3023CB60-8CE9-4DF2-98DA-5AE11B756245}"
EndProject
Global
	GlobalSection(SolutionConfigurationPlatforms) = preSolution
		Debug|ARM = Debug|ARM
		Debug|ARM64 = Debug|ARM64
		Debug|x64 = Debug|x64
		Debug|x86 = Debug|x86
		Release|ARM = Release|ARM
		Release|ARM64 = Release|ARM64
		Release|x64 = Release|x64
		Release|x86 = Release|x86
	EndGlobalSection
	GlobalSection(ProjectConfigurationPlatforms) = postSolution
		{704D7753-FAC6-4A15-8E2D-15DCC270A29A}.Debug|ARM.ActiveCfg = Debug|ARM
		{704D7753-FAC6-4A15-8E2D-15DCC270A29A}.Debug|ARM.Build.0 = Debug|ARM
		{704D7753-FAC6-4A15-8E2D-15DCC270A29A}.Debug|ARM.Deploy.0 = Debug|ARM
		{704D7753-FAC6-4A15-8E2D-15DCC270A29A}.Debug|ARM64.ActiveCfg = Debug|ARM64
		{704D7753-FAC6-4A15-8E2D-15DCC270A29A}.Debug|ARM64.Build.0 = Debug|ARM64
		{704D7753-FAC6-4A15-8E2D-15DCC270A29A}.Debug|ARM64.Deploy.0 = Debug|ARM64
		{704D7753-FAC6-4A15-8E2D-15DCC270A29A}.Debug|x64.ActiveCfg = Debug|x64
		{704D7753-FAC6-4A15-8E2D-15DCC270A29A}.Debug|x64.Build.0 = Debug|x64
		{704D7753-FAC6-4A15-8E2D-15DCC270A29A}.Debug|x64.Deploy.0 = Debug|x64
		{704D7753-FAC6-4A15-8E2D-15DCC270A29A}.Debug|x86.ActiveCfg = Debug|x86
		{704D7753-FAC6-4A15-8E2D-15DCC270A29A}.Debug|x86.Build.0 = Debug|x86
		{704D7753-FAC6-4A15-8E2D-15DCC270A29A}.Debug|x86.Deploy.0 = Debug|x86
		{704D7753-FAC6-4A15-8E2D-15DCC270A29A}.Release|ARM.ActiveCfg = Release|ARM
		{704D7753-FAC6-4A15-8E2D-15DCC270A29A}.Release|ARM.Build.0 = Release|ARM
		{704D7753-FAC6-4A15-8E2D-15DCC270A29A}.Release|ARM.Deploy.0 = Release|ARM
		{704D7753-FAC6-4A15-8E2D-15DCC270A29A}.Release|ARM64.ActiveCfg = Release|ARM64
		{704D7753-FAC6-4A15-8E2D-15DCC270A29A}.Release|ARM64.Build.0 = Release|ARM64
		{704D7753-FAC6-4A15-8E2D-15DCC270A29A}.Release|ARM64.Deploy.0 = Release|ARM64
		{704D7753-FAC6-4A15-8E2D-15DCC270A29A}.Release|x64.ActiveCfg = Release|x64
		{704D7753-FAC6-4A15-8E2D-15DCC270A29A}.Release|x64.Build.0 = Release|x64
		{704D7753-FAC6-4A15-8E2D-15DCC270A29A}.Release|x64.Deploy.0 = Release|x64
		{704D7753-FAC6-4A15-8E2D-15DCC270A29A}.Release|x86.ActiveCfg = Release|x86
		{704D7753-FAC6-4A15-8E2D-15DCC270A29A}.Release|x86.Build.0 = Release|x86
		{704D7753-FAC6-4A15-8E2D-15DCC270A29A}.Release|x86.Deploy.0 = Release|x86
		{418083DC-5EFD-4ED2-81BF-0F76B5D31696}.Debug|ARM.ActiveCfg = Debug|ARM
		{418083DC-5EFD-4ED2-81BF-0F76B5D31696}.Debug|ARM.Build.0 = Debug|ARM
		{418083DC-5EFD-4ED2-81BF-0F76B5D31696}.Debug|ARM.Deploy.0 = Debug|ARM
		{418083DC-5EFD-4ED2-81BF-0F76B5D31696}.Debug|ARM64.ActiveCfg = Debug|ARM64
		{418083DC-5EFD-4ED2-81BF-0F76B5D31696}.Debug|ARM64.Build.0 = Debug|ARM64
		{418083DC-5EFD-4ED2-81BF-0F76B5D31696}.Debug|ARM64.Deploy.0 = Debug|ARM64
		{418083DC-5EFD-4ED2-81BF-0F76B5D31696}.Debug|x64.ActiveCfg = Debug|x64
		{418083DC-5EFD-4ED2-81BF-0F76B5D31696}.Debug|x64.Build.0 = Debug|x64
		{418083DC-5EFD-4ED2-81BF-0F76B5D31696}.Debug|x64.Deploy.0 = Debug|x64
		{418083DC-5EFD-4ED2-81BF-0F76B5D31696}.Debug|x86.ActiveCfg = Debug|x86
		{418083DC-5EFD-4ED2-81BF-0F76B5D31696}.Debug|x86.Build.0 = Debug|x86
		{418083DC-5EFD-4ED2-81BF-0F76B5D31696}.Debug|x86.Deploy.0 = Debug|x86
		{418083DC-5EFD-4ED2-81BF-0F76B5D31696}.Release|ARM.ActiveCfg = Release|ARM
		{418083DC-5EFD-4ED2-81BF-0F76B5D31696}.Release|ARM.Build.0 = Release|ARM
		{418083DC-5EFD-4ED2-81BF-0F76B5D31696}.Release|ARM.Deploy.0 = Release|ARM
		{418083DC-5EFD-4ED2-81BF-0F76B5D31696}.Release|ARM64.ActiveCfg = Release|ARM64
		{418083DC-5EFD-4ED2-81BF-0F76B5D31696}.Release|ARM64.Build.0 = Release|ARM64
		{418083DC-5EFD-4ED2-81BF-0F76B5D31696}.Release|ARM64.Deploy.0 = Release|ARM64
		{418083DC-5EFD-4ED2-81BF-0F76B5D31696}.Release|x64.ActiveCfg = Release|x64
		{418083DC-5EFD-4ED2-81BF-0F76B5D31696}.Release|x64.Build.0 = Release|x64
		{418083DC-5EFD-4ED2-81BF-0F76B5D31696}.Release|x64.Deploy.0 = Release|x64
		{418083DC-5EFD-4ED2-81BF-0F76B5D31696}.Release|x86.ActiveCfg = Release|x86
		{418083DC-5EFD-4ED2-81BF-0F76B5D31696}.Release|x86.Build.0 = Release|x86
		{418083DC-5EFD-4ED2-81BF-0F76B5D31696}.Release|x86.Deploy.0 = Release|x86
		{3023CB60-8CE9-4DF2-98DA-5AE11B756245}.Debug|ARM.ActiveCfg = Debug|ARM
		{3023CB60-8CE9-4DF2-98DA-5AE11B756245}.Debug|ARM.Build.0 = Debug|ARM
		{3023CB60-8CE9-4DF2-98DA-5AE11B756245}.Debug|ARM.Deploy.0 = Debug|ARM
		{3023CB60-8CE9-4DF2-98DA-5AE11B756245}.Debug|ARM64.ActiveCfg = Debug|ARM64
		{3023CB60-8CE9-4DF2-98DA-5AE11B756245}.Debug|ARM64.Build.0 = Debug|ARM64
		{3023CB60-8CE9-4DF2-98DA-5AE11B756245}.Debug|ARM64.Deploy.0 = Debug|ARM64
		{3023CB60-8CE9-4DF2-98DA-5AE11B756245}.Debug|x64.ActiveCfg = Debug|x64
		{3023CB60-8CE9-4DF2-98DA-5AE11B756245}.Debug|x64.Build.0 = Debug|x64
		{3023CB60-8CE9-4DF2-98DA-5AE11B756245}.Debug|x64.Deploy.0 = Debug|x64
		{3023CB60-8CE9-4DF2-98DA-5AE11B756245}.Debug|x86.ActiveCfg = Debug|x86
		{3023CB60-8CE9-4DF2-98DA-5AE11B756245}.Debug|x86.Build.0 = Debug|x86
		{3023CB60-8CE9-4DF2-98DA-5AE11B756245}.Debug|x86.Deploy.0 = Debug|x86
		{3023CB60-8CE9-4DF2-98DA-5AE11B756245}.Release|ARM.ActiveCfg = Release|ARM
		{3023CB60-8CE9-4DF2-98DA-5AE11B756245}.Release|ARM.Build.0 = Release|ARM
		{3023CB60-8CE9-4DF2-98DA-5AE11B756245}.Release|ARM.Deploy.0 = Release|ARM
		{3023CB60-8CE9-4DF2-98DA-5AE11B756245}.Release|ARM64.ActiveCfg = Release|ARM64
		{3023CB60-8CE9-4DF2-98DA-5AE11B756245}.Release|ARM64.Build.0 = Release|ARM64
		{3023CB60-8CE9-4DF2-98DA-5AE11B756245}.Release|ARM64.Deploy.0 = Release|ARM64
		{3023CB60-8CE9-4DF2-98DA-5AE11B756245}.Release|x64.ActiveCfg = Release|x64
		{3023CB60-8CE9-4DF2-98DA-5AE11B756245}.Release|x64.Build.0 = Release|x64
		{3023CB60-8CE9-4DF2-98DA-5AE11B756245}.Release|x64.Deploy.0 = Release|x64
		{3023CB60-8CE9-4DF2-98DA-5AE11B756245}.Release|x86.ActiveCfg = Release|x86
		{3023CB60-8CE9-4DF2-98DA-5AE11B756245}.Release|x86.Build.0 = Release|x86
		{3023CB60-8CE9-4DF2-98DA-5AE11B756245}.Release|x86.Deploy.0 = Release|x86
	EndGlobalSection
	GlobalSection(SolutionProperties) = preSolution
		HideSolutionNode = FALSE
	EndGlobalSection
	GlobalSection(ExtensibilityGlobals) = postSolution
		SolutionGuid = {4058607D-0757-45A8-8382-60765A228BD5}
	EndGlobalSection
EndGlobal
