
Microsoft Visual Studio Solution File, Format Version 12.00
# Visual Studio Version 17
VisualStudioVersion = 17.8.34309.116
MinimumVisualStudioVersion = 10.0.40219.1
Project("{FAE04EC0-301F-11D3-BF4B-00C04F79EFBC}") = "ChatTeamsInteropQuickStart", "ChatTeamsInteropQuickStart.csproj", "{704D7753-FAC6-4A15-8E2D-15DCC270A29A}"
EndProject
Global
	GlobalSection(SolutionConfigurationPlatforms) = preSolution
		Debug|Any CPU = Debug|Any CPU
		Debug|ARM = Debug|ARM
		Debug|ARM64 = Debug|ARM64
		Debug|x64 = Debug|x64
		Debug|x86 = Debug|x86
		Release|Any CPU = Release|Any CPU
		Release|ARM = Release|ARM
		Release|ARM64 = Release|ARM64
		Release|x64 = Release|x64
		Release|x86 = Release|x86
	EndGlobalSection
	GlobalSection(ProjectConfigurationPlatforms) = postSolution
		{704D7753-FAC6-4A15-8E2D-15DCC270A29A}.Debug|Any CPU.ActiveCfg = Debug|Any CPU
		{704D7753-FAC6-4A15-8E2D-15DCC270A29A}.Debug|Any CPU.Build.0 = Debug|Any CPU
		{704D7753-FAC6-4A15-8E2D-15DCC270A29A}.Debug|Any CPU.Deploy.0 = Debug|Any CPU
		{704D7753-FAC6-4A15-8E2D-15DCC270A29A}.Debug|ARM.ActiveCfg = Debug|ARM
		{704D7753-FAC6-4A15-8E2D-15DCC270A29A}.Debug|ARM.Build.0 = Debug|ARM
		{704D7753-FAC6-4A15-8E2D-15DCC270A29A}.Debug|ARM.Deploy.0 = Debug|ARM
		{704D7753-FAC6-4A15-8E2D-15DCC270A29A}.Debug|ARM64.ActiveCfg = Debug|ARM64
		{704D7753-FAC6-4A15-8E2D-15DCC270A29A}.Debug|ARM64.Build.0 = Debug|ARM64
		{704D7753-FAC6-4A15-8E2D-15DCC270A29A}.Debug|ARM64.Deploy.0 = Debug|ARM64
		{704D7753-FAC6-4A15-8E2D-15DCC270A29A}.Debug|x64.ActiveCfg = Debug|x64
		{704D7753-FAC6-4A15-8E2D-15DCC270A29A}.Debug|x64.Build.0 = Debug|x64
		{704D7753-FAC6-4A15-8E2D-15DCC270A29A}.Debug|x64.Deploy.0 = Debug|x64
		{704D7753-FAC6-4A15-8E2D-15DCC270A29A}.Debug|x86.ActiveCfg = Debug|Win32
		{704D7753-FAC6-4A15-8E2D-15DCC270A29A}.Debug|x86.Build.0 = Debug|Win32
		{704D7753-FAC6-4A15-8E2D-15DCC270A29A}.Debug|x86.Deploy.0 = Debug|Win32
		{704D7753-FAC6-4A15-8E2D-15DCC270A29A}.Release|Any CPU.ActiveCfg = Release|Any CPU
		{704D7753-FAC6-4A15-8E2D-15DCC270A29A}.Release|Any CPU.Build.0 = Release|Any CPU
		{704D7753-FAC6-4A15-8E2D-15DCC270A29A}.Release|Any CPU.Deploy.0 = Release|Any CPU
		{704D7753-FAC6-4A15-8E2D-15DCC270A29A}.Release|ARM.ActiveCfg = Release|ARM
		{704D7753-FAC6-4A15-8E2D-15DCC270A29A}.Release|ARM.Build.0 = Release|ARM
		{704D7753-FAC6-4A15-8E2D-15DCC270A29A}.Release|ARM.Deploy.0 = Release|ARM
		{704D7753-FAC6-4A15-8E2D-15DCC270A29A}.Release|ARM64.ActiveCfg = Release|ARM64
		{704D7753-FAC6-4A15-8E2D-15DCC270A29A}.Release|ARM64.Build.0 = Release|ARM64
		{704D7753-FAC6-4A15-8E2D-15DCC270A29A}.Release|ARM64.Deploy.0 = Release|ARM64
		{704D7753-FAC6-4A15-8E2D-15DCC270A29A}.Release|x64.ActiveCfg = Release|x64
		{704D7753-FAC6-4A15-8E2D-15DCC270A29A}.Release|x64.Build.0 = Release|x64
		{704D7753-FAC6-4A15-8E2D-15DCC270A29A}.Release|x64.Deploy.0 = Release|x64
		{704D7753-FAC6-4A15-8E2D-15DCC270A29A}.Release|x86.ActiveCfg = Release|Win32
		{704D7753-FAC6-4A15-8E2D-15DCC270A29A}.Release|x86.Build.0 = Release|Win32
		{704D7753-FAC6-4A15-8E2D-15DCC270A29A}.Release|x86.Deploy.0 = Release|Win32
	EndGlobalSection
	GlobalSection(SolutionProperties) = preSolution
		HideSolutionNode = FALSE
	EndGlobalSection
	GlobalSection(ExtensibilityGlobals) = postSolution
		SolutionGuid = {4058607D-0757-45A8-8382-60765A228BD5}
	EndGlobalSection
EndGlobal
