
Microsoft Visual Studio Solution File, Format Version 12.00
# Visual Studio Version 17
VisualStudioVersion = 17.3.32929.385
MinimumVisualStudioVersion = 10.0.40219.1
Project("{9A19103F-16F7-4668-BE54-9A1E7A4F7556}") = "CallAutomation_Dialog", "CallAutomation_Dialog\CallAutomation_Dialog.csproj", "{D9427EE8-A4BA-48EE-93B9-7858D430396F}"
EndProject
Global
	GlobalSection(SolutionConfigurationPlatforms) = preSolution
		Debug|Any CPU = Debug|Any CPU
		Release|Any CPU = Release|Any CPU
	EndGlobalSection
	GlobalSection(ProjectConfigurationPlatforms) = postSolution
		{D9427EE8-A4BA-48EE-93B9-7858D430396F}.Debug|Any CPU.ActiveCfg = Debug|Any CPU
		{D9427EE8-A4BA-48EE-93B9-7858D430396F}.Debug|Any CPU.Build.0 = Debug|Any CPU
		{D9427EE8-A4BA-48EE-93B9-7858D430396F}.Release|Any CPU.ActiveCfg = Release|Any CPU
		{D9427EE8-A4BA-48EE-93B9-7858D430396F}.Release|Any CPU.Build.0 = Release|Any CPU
	EndGlobalSection
	GlobalSection(SolutionProperties) = preSolution
		HideSolutionNode = FALSE
	EndGlobalSection
	GlobalSection(ExtensibilityGlobals) = postSolution
		SolutionGuid = {D7AEEA39-DF6F-4929-B3E1-FAAD6ECE988A}
	EndGlobalSection
EndGlobal
