
Microsoft Visual Studio Solution File, Format Version 12.00
# Visual Studio Version 17
VisualStudioVersion = 17.6.33815.320
MinimumVisualStudioVersion = 10.0.40219.1
Project("{9A19103F-16F7-4668-BE54-9A1E7A4F7556}") = "JobRouterQuickstart", "JobRouterQuickstart.csproj", "{B798E82D-075E-4957-9954-A5FEC2578476}"
EndProject
Global
	GlobalSection(SolutionConfigurationPlatforms) = preSolution
		Debug|Any CPU = Debug|Any CPU
		Release|Any CPU = Release|Any CPU
	EndGlobalSection
	GlobalSection(ProjectConfigurationPlatforms) = postSolution
		{B798E82D-075E-4957-9954-A5FEC2578476}.Debug|Any CPU.ActiveCfg = Debug|Any CPU
		{B798E82D-075E-4957-9954-A5FEC2578476}.Debug|Any CPU.Build.0 = Debug|Any CPU
		{B798E82D-075E-4957-9954-A5FEC2578476}.Release|Any CPU.ActiveCfg = Release|Any CPU
		{B798E82D-075E-4957-9954-A5FEC2578476}.Release|Any CPU.Build.0 = Release|Any CPU
	EndGlobalSection
	GlobalSection(SolutionProperties) = preSolution
		HideSolutionNode = FALSE
	EndGlobalSection
	GlobalSection(ExtensibilityGlobals) = postSolution
		SolutionGuid = {6B4E922B-354A-4917-AE95-5F120A65575E}
	EndGlobalSection
EndGlobal
