
Microsoft Visual Studio Solution File, Format Version 12.00
# Visual Studio Version 17
VisualStudioVersion = 17.4.33403.182
MinimumVisualStudioVersion = 10.0.40219.1
Project("{FAE04EC0-301F-11D3-BF4B-00C04F79EFBC}") = "CogSvcIvrSamples", "CogSvcIvrSamples\CogSvcIvrSamples.csproj", "{4EE1B527-802E-4910-AEC8-12AD8C85219C}"
EndProject
Global
	GlobalSection(SolutionConfigurationPlatforms) = preSolution
		Debug|Any CPU = Debug|Any CPU
		Release|Any CPU = Release|Any CPU
	EndGlobalSection
	GlobalSection(ProjectConfigurationPlatforms) = postSolution
		{4EE1B527-802E-4910-AEC8-12AD8C85219C}.Debug|Any CPU.ActiveCfg = Debug|Any CPU
		{4EE1B527-802E-4910-AEC8-12AD8C85219C}.Debug|Any CPU.Build.0 = Debug|Any CPU
		{4EE1B527-802E-4910-AEC8-12AD8C85219C}.Release|Any CPU.ActiveCfg = Release|Any CPU
		{4EE1B527-802E-4910-AEC8-12AD8C85219C}.Release|Any CPU.Build.0 = Release|Any CPU
	EndGlobalSection
	GlobalSection(SolutionProperties) = preSolution
		HideSolutionNode = FALSE
	EndGlobalSection
	GlobalSection(ExtensibilityGlobals) = postSolution
		SolutionGuid = {9DB27EAA-0A39-4078-8788-654FF4B0AF4C}
	EndGlobalSection
EndGlobal
