
Microsoft Visual Studio Solution File, Format Version 12.00
# Visual Studio Version 16
VisualStudioVersion = 16.0.32428.217
MinimumVisualStudioVersion = 10.0.40219.1
Project("{9A19103F-16F7-4668-BE54-9A1E7A4F7556}") = "SendEmailPlainText", "SendEmailPlainText\SendEmailPlainText.csproj", "{065C8522-F4CA-4365-9753-B660792387FA}"
EndProject
Project("{9A19103F-16F7-4668-BE54-9A1E7A4F7556}") = "SendEmailToMultipleRecipients", "SendEmailToMultipleRecipients\SendEmailToMultipleRecipients.csproj", "{95D276CE-0F74-419E-8BC6-B8778772DB1F}"
EndProject
Project("{9A19103F-16F7-4668-BE54-9A1E7A4F7556}") = "SendEmailWithAttachments", "SendEmailWithAttachments\SendEmailWithAttachments.csproj", "{7539DBAD-B2EA-44D3-903C-742E42B318BD}"
EndProject
Global
	GlobalSection(SolutionConfigurationPlatforms) = preSolution
		Debug|Any CPU = Debug|Any CPU
		Release|Any CPU = Release|Any CPU
	EndGlobalSection
	GlobalSection(ProjectConfigurationPlatforms) = postSolution
		{065C8522-F4CA-4365-9753-B660792387FA}.Debug|Any CPU.ActiveCfg = Debug|Any CPU
		{065C8522-F4CA-4365-9753-B660792387FA}.Debug|Any CPU.Build.0 = Debug|Any CPU
		{065C8522-F4CA-4365-9753-B660792387FA}.Release|Any CPU.ActiveCfg = Release|Any CPU
		{065C8522-F4CA-4365-9753-B660792387FA}.Release|Any CPU.Build.0 = Release|Any CPU
		{95D276CE-0F74-419E-8BC6-B8778772DB1F}.Debug|Any CPU.ActiveCfg = Debug|Any CPU
		{95D276CE-0F74-419E-8BC6-B8778772DB1F}.Debug|Any CPU.Build.0 = Debug|Any CPU
		{95D276CE-0F74-419E-8BC6-B8778772DB1F}.Release|Any CPU.ActiveCfg = Release|Any CPU
		{95D276CE-0F74-419E-8BC6-B8778772DB1F}.Release|Any CPU.Build.0 = Release|Any CPU
		{7539DBAD-B2EA-44D3-903C-742E42B318BD}.Debug|Any CPU.ActiveCfg = Debug|Any CPU
		{7539DBAD-B2EA-44D3-903C-742E42B318BD}.Debug|Any CPU.Build.0 = Debug|Any CPU
		{7539DBAD-B2EA-44D3-903C-742E42B318BD}.Release|Any CPU.ActiveCfg = Release|Any CPU
		{7539DBAD-B2EA-44D3-903C-742E42B318BD}.Release|Any CPU.Build.0 = Release|Any CPU
	EndGlobalSection
	GlobalSection(SolutionProperties) = preSolution
		HideSolutionNode = FALSE
	EndGlobalSection
	GlobalSection(ExtensibilityGlobals) = postSolution
		SolutionGuid = {C25B68D1-8BEA-4D8B-88E0-5509E1DDD200}
	EndGlobalSection
EndGlobal
