
Microsoft Visual Studio Solution File, Format Version 12.00
# Visual Studio Version 17
VisualStudioVersion = 17.4.33122.133
MinimumVisualStudioVersion = 10.0.40219.1
Project("{9A19103F-16F7-4668-BE54-9A1E7A4F7556}") = "CallAutomation", "CallAutomation\CallAutomation.csproj", "{22249F01-3E00-4539-A117-B742B1D84151}"
EndProject
Global
	GlobalSection(SolutionConfigurationPlatforms) = preSolution
		Debug|Any CPU = Debug|Any CPU
		Release|Any CPU = Release|Any CPU
	EndGlobalSection
	GlobalSection(ProjectConfigurationPlatforms) = postSolution
		{22249F01-3E00-4539-A117-B742B1D84151}.Debug|Any CPU.ActiveCfg = Debug|Any CPU
		{22249F01-3E00-4539-A117-B742B1D84151}.Debug|Any CPU.Build.0 = Debug|Any CPU
		{22249F01-3E00-4539-A117-B742B1D84151}.Release|Any CPU.ActiveCfg = Release|Any CPU
		{22249F01-3E00-4539-A117-B742B1D84151}.Release|Any CPU.Build.0 = Release|Any CPU
	EndGlobalSection
	GlobalSection(SolutionProperties) = preSolution
		HideSolutionNode = FALSE
	EndGlobalSection
	GlobalSection(ExtensibilityGlobals) = postSolution
		SolutionGuid = {CFE24483-BC82-41ED-84FB-7980A38E4228}
	EndGlobalSection
EndGlobal
