
Microsoft Visual Studio Solution File, Format Version 12.00
# Visual Studio Version 16
VisualStudioVersion = 25.0.1703.5
MinimumVisualStudioVersion = 10.0.40219.1
Project("{FAE04EC0-301F-11D3-BF4B-00C04F79EFBC}") = "SendSMS", "SendSMS.csproj", "{F2215686-57FC-44C8-83FA-1411F084F0EA}"
EndProject
Global
	GlobalSection(SolutionConfigurationPlatforms) = preSolution
		Debug|Any CPU = Debug|Any CPU
		Release|Any CPU = Release|Any CPU
	EndGlobalSection
	GlobalSection(ProjectConfigurationPlatforms) = postSolution
		{F2215686-57FC-44C8-83FA-1411F084F0EA}.Debug|Any CPU.ActiveCfg = Debug|Any CPU
		{F2215686-57FC-44C8-83FA-1411F084F0EA}.Debug|Any CPU.Build.0 = Debug|Any CPU
		{F2215686-57FC-44C8-83FA-1411F084F0EA}.Release|Any CPU.ActiveCfg = Release|Any CPU
		{F2215686-57FC-44C8-83FA-1411F084F0EA}.Release|Any CPU.Build.0 = Release|Any CPU
	EndGlobalSection
	GlobalSection(SolutionProperties) = preSolution
		HideSolutionNode = FALSE
	EndGlobalSection
	GlobalSection(ExtensibilityGlobals) = postSolution
		SolutionGuid = {3636A983-5E45-4124-8BA2-B63AB7195ABB}
	EndGlobalSection
EndGlobal
