
Microsoft Visual Studio Solution File, Format Version 12.00
# Visual Studio Version 17
VisualStudioVersion = 17.6.33829.357
MinimumVisualStudioVersion = 10.0.40219.1
Project("{9A19103F-16F7-4668-BE54-9A1E7A4F7556}") = "CallAutomation_SendDtmfTones", "CallAutomation_SendDtmfTones.csproj", "{7DD85E92-A922-49E3-AE4A-6A046F2B5530}"
EndProject
Global
	GlobalSection(SolutionConfigurationPlatforms) = preSolution
		Debug|Any CPU = Debug|Any CPU
		Release|Any CPU = Release|Any CPU
	EndGlobalSection
	GlobalSection(ProjectConfigurationPlatforms) = postSolution
		{7DD85E92-A922-49E3-AE4A-6A046F2B5530}.Debug|Any CPU.ActiveCfg = Debug|Any CPU
		{7DD85E92-A922-49E3-AE4A-6A046F2B5530}.Debug|Any CPU.Build.0 = Debug|Any CPU
		{7DD85E92-A922-49E3-AE4A-6A046F2B5530}.Release|Any CPU.ActiveCfg = Release|Any CPU
		{7DD85E92-A922-49E3-AE4A-6A046F2B5530}.Release|Any CPU.Build.0 = Release|Any CPU
	EndGlobalSection
	GlobalSection(SolutionProperties) = preSolution
		HideSolutionNode = FALSE
	EndGlobalSection
	GlobalSection(ExtensibilityGlobals) = postSolution
		SolutionGuid = {0A7F5A8E-5823-43B4-9398-357BE2D2427B}
	EndGlobalSection
EndGlobal
