
Microsoft Visual Studio Solution File, Format Version 12.00
# Visual Studio Version 17
VisualStudioVersion = 17.3.32929.385
MinimumVisualStudioVersion = 10.0.40219.1
Project("{9A19103F-16F7-4668-BE54-9A1E7A4F7556}") = "IncomingCallMediaStreaming", "WebApp\IncomingCallMediaStreaming.csproj", "{DCB72D4F-8F60-4239-98FB-A2AB608CC619}"
EndProject
Project("{9A19103F-16F7-4668-BE54-9A1E7A4F7556}") = "WebSocketListener", "WebSocketListener\WebSocketListener.csproj", "{F31A5F02-E104-40A2-B9F9-A832EF56F871}"
EndProject
Global
	GlobalSection(SolutionConfigurationPlatforms) = preSolution
		Debug|Any CPU = Debug|Any CPU
		Release|Any CPU = Release|Any CPU
	EndGlobalSection
	GlobalSection(ProjectConfigurationPlatforms) = postSolution
		{DCB72D4F-8F60-4239-98FB-A2AB608CC619}.Debug|Any CPU.ActiveCfg = Debug|Any CPU
		{DCB72D4F-8F60-4239-98FB-A2AB608CC619}.Debug|Any CPU.Build.0 = Debug|Any CPU
		{DCB72D4F-8F60-4239-98FB-A2AB608CC619}.Release|Any CPU.ActiveCfg = Release|Any CPU
		{DCB72D4F-8F60-4239-98FB-A2AB608CC619}.Release|Any CPU.Build.0 = Release|Any CPU
		{F31A5F02-E104-40A2-B9F9-A832EF56F871}.Debug|Any CPU.ActiveCfg = Debug|Any CPU
		{F31A5F02-E104-40A2-B9F9-A832EF56F871}.Debug|Any CPU.Build.0 = Debug|Any CPU
		{F31A5F02-E104-40A2-B9F9-A832EF56F871}.Release|Any CPU.ActiveCfg = Release|Any CPU
		{F31A5F02-E104-40A2-B9F9-A832EF56F871}.Release|Any CPU.Build.0 = Release|Any CPU
	EndGlobalSection
	GlobalSection(SolutionProperties) = preSolution
		HideSolutionNode = FALSE
	EndGlobalSection
	GlobalSection(ExtensibilityGlobals) = postSolution
		SolutionGuid = {7D4A4C81-1277-48BC-BC24-9F8ADADDE142}
	EndGlobalSection
EndGlobal
