Microsoft Visual Studio Solution File, Format Version 12.00
# Visual Studio Version 17
VisualStudioVersion = 17.5.2.0
MinimumVisualStudioVersion = 10.0.40219.1
Project("{FAE04EC0-301F-11D3-BF4B-00C04F79EFBC}") = "CallAutomation_Dialog", "CallAutomation_Dialog.csproj", "{B0A45D74-5B1F-D408-DA00-9CA18E3D7605}"
EndProject
Global
	GlobalSection(SolutionConfigurationPlatforms) = preSolution
		Debug|Any CPU = Debug|Any CPU
		Release|Any CPU = Release|Any CPU
	EndGlobalSection
	GlobalSection(ProjectConfigurationPlatforms) = postSolution
		{B0A45D74-5B1F-D408-DA00-9CA18E3D7605}.Debug|Any CPU.ActiveCfg = Debug|Any CPU
		{B0A45D74-5B1F-D408-DA00-9CA18E3D7605}.Debug|Any CPU.Build.0 = Debug|Any CPU
		{B0A45D74-5B1F-D408-DA00-9CA18E3D7605}.Release|Any CPU.ActiveCfg = Release|Any CPU
		{B0A45D74-5B1F-D408-DA00-9CA18E3D7605}.Release|Any CPU.Build.0 = Release|Any CPU
	EndGlobalSection
	GlobalSection(SolutionProperties) = preSolution
		HideSolutionNode = FALSE
	EndGlobalSection
	GlobalSection(ExtensibilityGlobals) = postSolution
		SolutionGuid = {C8D1ADF8-252F-4251-8604-5943C734AC1C}
	EndGlobalSection
EndGlobal
