
Microsoft Visual Studio Solution File, Format Version 12.00
# Visual Studio Version 17
VisualStudioVersion = 17.13.35913.81 d17.13
MinimumVisualStudioVersion = 10.0.40219.1
Project("{FAE04EC0-301F-11D3-BF4B-00C04F79EFBC}") = "CallAutomation_Beta6_Test_sample", "CallAutomation_Beta6_Test_sample.csproj", "{F12FD9EE-4816-40A6-94EA-3DF5075E42E7}"
EndProject
Global
	GlobalSection(SolutionConfigurationPlatforms) = preSolution
		Debug|Any CPU = Debug|Any CPU
		Release|Any CPU = Release|Any CPU
	EndGlobalSection
	GlobalSection(ProjectConfigurationPlatforms) = postSolution
		{F12FD9EE-4816-40A6-94EA-3DF5075E42E7}.Debug|Any CPU.ActiveCfg = Debug|Any CPU
		{F12FD9EE-4816-40A6-94EA-3DF5075E42E7}.Debug|Any CPU.Build.0 = Debug|Any CPU
		{F12FD9EE-4816-40A6-94EA-3DF5075E42E7}.Release|Any CPU.ActiveCfg = Release|Any CPU
		{F12FD9EE-4816-40A6-94EA-3DF5075E42E7}.Release|Any CPU.Build.0 = Release|Any CPU
	EndGlobalSection
	GlobalSection(SolutionProperties) = preSolution
		HideSolutionNode = FALSE
	EndGlobalSection
	GlobalSection(ExtensibilityGlobals) = postSolution
		SolutionGuid = {069D5CC6-E42C-4791-BCF3-7138896EDD10}
	EndGlobalSection
EndGlobal
