
Microsoft Visual Studio Solution File, Format Version 12.00
# Visual Studio Version 16
VisualStudioVersion = 16.0.31328.270
MinimumVisualStudioVersion = 10.0.40219.1
Project("{9A19103F-16F7-4668-BE54-9A1E7A4F7556}") = "RecordingApi", "RecordingApi.csproj", "{8B10BEB6-831A-4E6D-9A49-2872AD93D89A}"
EndProject
Global
	GlobalSection(SolutionConfigurationPlatforms) = preSolution
		Debug|Any CPU = Debug|Any CPU
		Release|Any CPU = Release|Any CPU
	EndGlobalSection
	GlobalSection(ProjectConfigurationPlatforms) = postSolution
		{8B10BEB6-831A-4E6D-9A49-2872AD93D89A}.Debug|Any CPU.ActiveCfg = Debug|Any CPU
		{8B10BEB6-831A-4E6D-9A49-2872AD93D89A}.Debug|Any CPU.Build.0 = Debug|Any CPU
		{8B10BEB6-831A-4E6D-9A49-2872AD93D89A}.Release|Any CPU.ActiveCfg = Release|Any CPU
		{8B10BEB6-831A-4E6D-9A49-2872AD93D89A}.Release|Any CPU.Build.0 = Release|Any CPU
	EndGlobalSection
	GlobalSection(SolutionProperties) = preSolution
		HideSolutionNode = FALSE
	EndGlobalSection
	GlobalSection(ExtensibilityGlobals) = postSolution
		SolutionGuid = {ED9B10A1-AB80-4376-8034-5EDFEDB48C9C}
	EndGlobalSection
EndGlobal
