
Microsoft Visual Studio Solution File, Format Version 12.00
# Visual Studio Version 16
VisualStudioVersion = 16.0.31729.503
MinimumVisualStudioVersion = 10.0.40219.1
Project("{9A19103F-16F7-4668-BE54-9A1E7A4F7556}") = "OutboundFunction", "OutboundFunction\OutboundFunction.csproj", "{5377DED5-CE39-4905-9FA5-697EF7B4E32B}"
EndProject
Global
	GlobalSection(SolutionConfigurationPlatforms) = preSolution
		Debug|Any CPU = Debug|Any CPU
		Release|Any CPU = Release|Any CPU
	EndGlobalSection
	GlobalSection(ProjectConfigurationPlatforms) = postSolution
		{5377DED5-CE39-4905-9FA5-697EF7B4E32B}.Debug|Any CPU.ActiveCfg = Debug|Any CPU
		{5377DED5-CE39-4905-9FA5-697EF7B4E32B}.Debug|Any CPU.Build.0 = Debug|Any CPU
		{5377DED5-CE39-4905-9FA5-697EF7B4E32B}.Release|Any CPU.ActiveCfg = Release|Any CPU
		{5377DED5-CE39-4905-9FA5-697EF7B4E32B}.Release|Any CPU.Build.0 = Release|Any CPU
	EndGlobalSection
	GlobalSection(SolutionProperties) = preSolution
		HideSolutionNode = FALSE
	EndGlobalSection
	GlobalSection(ExtensibilityGlobals) = postSolution
		SolutionGuid = {474F22B7-B653-46F8-9D37-A3E7CD747370}
	EndGlobalSection
EndGlobal
