
Microsoft Visual Studio Solution File, Format Version 12.00
# Visual Studio Version 16
VisualStudioVersion = 25.0.1703.8
MinimumVisualStudioVersion = 10.0.40219.1
Project("{FAE04EC0-301F-11D3-BF4B-00C04F79EFBC}") = "create-communication-resource", "create-communication-resource.csproj", "{F2C19721-19A7-4F97-B66A-B372487F548D}"
EndProject
Global
	GlobalSection(SolutionConfigurationPlatforms) = preSolution
		Debug|Any CPU = Debug|Any CPU
		Release|Any CPU = Release|Any CPU
	EndGlobalSection
	GlobalSection(ProjectConfigurationPlatforms) = postSolution
		{F2C19721-19A7-4F97-B66A-B372487F548D}.Debug|Any CPU.ActiveCfg = Debug|Any CPU
		{F2C19721-19A7-4F97-B66A-B372487F548D}.Debug|Any CPU.Build.0 = Debug|Any CPU
		{F2C19721-19A7-4F97-B66A-B372487F548D}.Release|Any CPU.ActiveCfg = Release|Any CPU
		{F2C19721-19A7-4F97-B66A-B372487F548D}.Release|Any CPU.Build.0 = Release|Any CPU
	EndGlobalSection
	GlobalSection(SolutionProperties) = preSolution
		HideSolutionNode = FALSE
	EndGlobalSection
	GlobalSection(ExtensibilityGlobals) = postSolution
		SolutionGuid = {262125BA-02A8-405F-9B64-A138298E2B54}
	EndGlobalSection
EndGlobal
