
Microsoft Visual Studio Solution File, Format Version 12.00
# Visual Studio Version 16
VisualStudioVersion = 16.0.32602.291
MinimumVisualStudioVersion = 10.0.40219.1
Project("{9A19103F-16F7-4668-BE54-9A1E7A4F7556}") = "RoomsQuickstart", "RoomsQuickstart.csproj", "{15DBB734-C0CD-46C5-937F-61CF5AA29665}"
EndProject
Global
	GlobalSection(SolutionConfigurationPlatforms) = preSolution
		Debug|Any CPU = Debug|Any CPU
		Release|Any CPU = Release|Any CPU
	EndGlobalSection
	GlobalSection(ProjectConfigurationPlatforms) = postSolution
		{15DBB734-C0CD-46C5-937F-61CF5AA29665}.Debug|Any CPU.ActiveCfg = Debug|Any CPU
		{15DBB734-C0CD-46C5-937F-61CF5AA29665}.Debug|Any CPU.Build.0 = Debug|Any CPU
		{15DBB734-C0CD-46C5-937F-61CF5AA29665}.Release|Any CPU.ActiveCfg = Release|Any CPU
		{15DBB734-C0CD-46C5-937F-61CF5AA29665}.Release|Any CPU.Build.0 = Release|Any CPU
	EndGlobalSection
	GlobalSection(SolutionProperties) = preSolution
		HideSolutionNode = FALSE
	EndGlobalSection
	GlobalSection(ExtensibilityGlobals) = postSolution
		SolutionGuid = {AEA1EC5A-BE69-428E-AFFE-56233DE27C2F}
	EndGlobalSection
EndGlobal
