
Microsoft Visual Studio Solution File, Format Version 12.00
# Visual Studio Version 16
VisualStudioVersion = 25.0.1703.5
MinimumVisualStudioVersion = 10.0.40219.1
Project("{FAE04EC0-301F-11D3-BF4B-00C04F79EFBC}") = "EmailQuickstart", "EmailQuickstart.csproj", "{396375EF-7DB9-421A-AA98-CA8438FBD9BF}"
EndProject
Global
	GlobalSection(SolutionConfigurationPlatforms) = preSolution
		Debug|Any CPU = Debug|Any CPU
		Release|Any CPU = Release|Any CPU
	EndGlobalSection
	GlobalSection(ProjectConfigurationPlatforms) = postSolution
		{396375EF-7DB9-421A-AA98-CA8438FBD9BF}.Debug|Any CPU.ActiveCfg = Debug|Any CPU
		{396375EF-7DB9-421A-AA98-CA8438FBD9BF}.Debug|Any CPU.Build.0 = Debug|Any CPU
		{396375EF-7DB9-421A-AA98-CA8438FBD9BF}.Release|Any CPU.ActiveCfg = Release|Any CPU
		{396375EF-7DB9-421A-AA98-CA8438FBD9BF}.Release|Any CPU.Build.0 = Release|Any CPU
	EndGlobalSection
	GlobalSection(SolutionProperties) = preSolution
		HideSolutionNode = FALSE
	EndGlobalSection
	GlobalSection(ExtensibilityGlobals) = postSolution
		SolutionGuid = {92605BDA-9BE2-46F0-81AE-EA5084FDCB65}
	EndGlobalSection
EndGlobal
