
Microsoft Visual Studio Solution File, Format Version 12.00
# Visual Studio Version 16
VisualStudioVersion = 16.0.32428.217
MinimumVisualStudioVersion = 10.0.40219.1
Project("{9A19103F-16F7-4668-BE54-9A1E7A4F7556}") = "SendEmail", "SendEmail.csproj", "{721A625E-09FD-4C2C-8716-76F869F80CA9}"
EndProject
Global
	GlobalSection(SolutionConfigurationPlatforms) = preSolution
		Debug|Any CPU = Debug|Any CPU
		Release|Any CPU = Release|Any CPU
	EndGlobalSection
	GlobalSection(ProjectConfigurationPlatforms) = postSolution
		{721A625E-09FD-4C2C-8716-76F869F80CA9}.Debug|Any CPU.ActiveCfg = Debug|Any CPU
		{721A625E-09FD-4C2C-8716-76F869F80CA9}.Debug|Any CPU.Build.0 = Debug|Any CPU
		{721A625E-09FD-4C2C-8716-76F869F80CA9}.Release|Any CPU.ActiveCfg = Release|Any CPU
		{721A625E-09FD-4C2C-8716-76F869F80CA9}.Release|Any CPU.Build.0 = Release|Any CPU
	EndGlobalSection
	GlobalSection(SolutionProperties) = preSolution
		HideSolutionNode = FALSE
	EndGlobalSection
	GlobalSection(ExtensibilityGlobals) = postSolution
		SolutionGuid = {229F984F-8819-4AA4-B0FE-25DADA2B0036}
	EndGlobalSection
EndGlobal
