
Microsoft Visual Studio Solution File, Format Version 12.00
# Visual Studio Version 17
VisualStudioVersion = 17.4.33103.184
MinimumVisualStudioVersion = 10.0.40219.1
Project("{9A19103F-16F7-4668-BE54-9A1E7A4F7556}") = "RecordingStreaming", "RecordingStreaming.csproj", "{57962417-21C9-499F-A03B-8F22AE9187FA}"
EndProject
Global
	GlobalSection(SolutionConfigurationPlatforms) = preSolution
		Debug|Any CPU = Debug|Any CPU
		Release|Any CPU = Release|Any CPU
	EndGlobalSection
	GlobalSection(ProjectConfigurationPlatforms) = postSolution
		{57962417-21C9-499F-A03B-8F22AE9187FA}.Debug|Any CPU.ActiveCfg = Debug|Any CPU
		{57962417-21C9-499F-A03B-8F22AE9187FA}.Debug|Any CPU.Build.0 = Debug|Any CPU
		{57962417-21C9-499F-A03B-8F22AE9187FA}.Release|Any CPU.ActiveCfg = Release|Any CPU
		{57962417-21C9-499F-A03B-8F22AE9187FA}.Release|Any CPU.Build.0 = Release|Any CPU
	EndGlobalSection
	GlobalSection(SolutionProperties) = preSolution
		HideSolutionNode = FALSE
	EndGlobalSection
	GlobalSection(ExtensibilityGlobals) = postSolution
		SolutionGuid = {1598B320-52BE-462F-912F-1A7464017AC9}
	EndGlobalSection
EndGlobal
