
Microsoft Visual Studio Solution File, Format Version 12.00
# Visual Studio Version 17
VisualStudioVersion = 17.3.32804.467
MinimumVisualStudioVersion = 10.0.40219.1
Project("{FAE04EC0-301F-11D3-BF4B-00C04F79EFBC}") = "CallPlayAudio", "CallPlayAudio.csproj", "{55A8DDA5-35F9-4DE3-9851-BA3B5FE89A87}"
EndProject
Global
	GlobalSection(SolutionConfigurationPlatforms) = preSolution
		Debug|Any CPU = Debug|Any CPU
		Debug|x64 = Debug|x64
		Debug|x86 = Debug|x86
		Release|Any CPU = Release|Any CPU
		Release|x64 = Release|x64
		Release|x86 = Release|x86
	EndGlobalSection
	GlobalSection(ProjectConfigurationPlatforms) = postSolution
		{55A8DDA5-35F9-4DE3-9851-BA3B5FE89A87}.Debug|Any CPU.ActiveCfg = Debug|x64
		{55A8DDA5-35F9-4DE3-9851-BA3B5FE89A87}.Debug|Any CPU.Build.0 = Debug|x64
		{55A8DDA5-35F9-4DE3-9851-BA3B5FE89A87}.Debug|x64.ActiveCfg = Debug|x64
		{55A8DDA5-35F9-4DE3-9851-BA3B5FE89A87}.Debug|x64.Build.0 = Debug|x64
		{55A8DDA5-35F9-4DE3-9851-BA3B5FE89A87}.Debug|x86.ActiveCfg = Debug|x86
		{55A8DDA5-35F9-4DE3-9851-BA3B5FE89A87}.Debug|x86.Build.0 = Debug|x86
		{55A8DDA5-35F9-4DE3-9851-BA3B5FE89A87}.Release|Any CPU.ActiveCfg = Release|x64
		{55A8DDA5-35F9-4DE3-9851-BA3B5FE89A87}.Release|Any CPU.Build.0 = Release|x64
		{55A8DDA5-35F9-4DE3-9851-BA3B5FE89A87}.Release|x64.ActiveCfg = Release|x64
		{55A8DDA5-35F9-4DE3-9851-BA3B5FE89A87}.Release|x64.Build.0 = Release|x64
		{55A8DDA5-35F9-4DE3-9851-BA3B5FE89A87}.Release|x86.ActiveCfg = Release|x86
		{55A8DDA5-35F9-4DE3-9851-BA3B5FE89A87}.Release|x86.Build.0 = Release|x86
	EndGlobalSection
	GlobalSection(SolutionProperties) = preSolution
		HideSolutionNode = FALSE
	EndGlobalSection
	GlobalSection(ExtensibilityGlobals) = postSolution
		SolutionGuid = {C01E6111-8D7D-45A7-AD60-4CA8F08E9927}
	EndGlobalSection
EndGlobal
