
Microsoft Visual Studio Solution File, Format Version 12.00
# Visual Studio Version 17
VisualStudioVersion = 17.3.32929.385
MinimumVisualStudioVersion = 10.0.40219.1
Project("{9A19103F-16F7-4668-BE54-9A1E7A4F7556}") = "CallAutomation.Scenarios", "CallAutomation.Scenarios.csproj", "{5C451D9B-5DD7-45C0-BBB7-71C57383082A}"
EndProject
Global
	GlobalSection(SolutionConfigurationPlatforms) = preSolution
		Debug|Any CPU = Debug|Any CPU
		Release|Any CPU = Release|Any CPU
	EndGlobalSection
	GlobalSection(ProjectConfigurationPlatforms) = postSolution
		{5C451D9B-5DD7-45C0-BBB7-71C57383082A}.Debug|Any CPU.ActiveCfg = Debug|Any CPU
		{5C451D9B-5DD7-45C0-BBB7-71C57383082A}.Debug|Any CPU.Build.0 = Debug|Any CPU
		{5C451D9B-5DD7-45C0-BBB7-71C57383082A}.Release|Any CPU.ActiveCfg = Release|Any CPU
		{5C451D9B-5DD7-45C0-BBB7-71C57383082A}.Release|Any CPU.Build.0 = Release|Any CPU
	EndGlobalSection
	GlobalSection(SolutionProperties) = preSolution
		HideSolutionNode = FALSE
	EndGlobalSection
	GlobalSection(ExtensibilityGlobals) = postSolution
		SolutionGuid = {95DAF890-A501-42FC-927F-0BA35AA170FC}
	EndGlobalSection
EndGlobal
